
Microsoft Visual Studio Solution File, Format Version 12.00
# Visual Studio Version 16
VisualStudioVersion = 16.0.30804.86
MinimumVisualStudioVersion = 10.0.40219.1
Project("{FAE04EC0-301F-11D3-BF4B-00C04F79EFBC}") = "OutlookWebAddIn1", "OutlookWebAddIn1\OutlookWebAddIn1.csproj", "{F79B2855-EC4D-45F8-92A6-6E0E8DEFF1DD}"
EndProject
Project("{FAE04EC0-301F-11D3-BF4B-00C04F79EFBC}") = "OutlookWebAddIn1Web", "OutlookWebAddIn1Web\OutlookWebAddIn1Web.csproj", "{2D680522-4197-4751-863A-E2000A849ED8}"
EndProject
Global
	GlobalSection(SolutionConfigurationPlatforms) = preSolution
		Debug|Any CPU = Debug|Any CPU
		Release|Any CPU = Release|Any CPU
	EndGlobalSection
	GlobalSection(ProjectConfigurationPlatforms) = postSolution
		{F79B2855-EC4D-45F8-92A6-6E0E8DEFF1DD}.Debug|Any CPU.ActiveCfg = Debug|Any CPU
		{F79B2855-EC4D-45F8-92A6-6E0E8DEFF1DD}.Debug|Any CPU.Build.0 = Debug|Any CPU
		{F79B2855-EC4D-45F8-92A6-6E0E8DEFF1DD}.Debug|Any CPU.Deploy.0 = Debug|Any CPU
		{F79B2855-EC4D-45F8-92A6-6E0E8DEFF1DD}.Release|Any CPU.ActiveCfg = Release|Any CPU
		{F79B2855-EC4D-45F8-92A6-6E0E8DEFF1DD}.Release|Any CPU.Build.0 = Release|Any CPU
		{F79B2855-EC4D-45F8-92A6-6E0E8DEFF1DD}.Release|Any CPU.Deploy.0 = Release|Any CPU
		{2D680522-4197-4751-863A-E2000A849ED8}.Debug|Any CPU.ActiveCfg = Debug|Any CPU
		{2D680522-4197-4751-863A-E2000A849ED8}.Debug|Any CPU.Build.0 = Debug|Any CPU
		{2D680522-4197-4751-863A-E2000A849ED8}.Release|Any CPU.ActiveCfg = Release|Any CPU
		{2D680522-4197-4751-863A-E2000A849ED8}.Release|Any CPU.Build.0 = Release|Any CPU
	EndGlobalSection
	GlobalSection(SolutionProperties) = preSolution
		HideSolutionNode = FALSE
	EndGlobalSection
	GlobalSection(ExtensibilityGlobals) = postSolution
		SolutionGuid = {A4DE074B-082F-4D0D-98B8-0214FE194525}
	EndGlobalSection
EndGlobal
